
Microsoft Visual Studio Solution File, Format Version 12.00
# Visual Studio 15
VisualStudioVersion = 15.0.28307.329
MinimumVisualStudioVersion = 10.0.40219.1
Project("{8BC9CEB8-8B4A-11D0-8D11-00A0C91BC942}") = "Select_client", "Select_client\Select_client.vcxproj", "{C3556C3B-B5D7-44D8-9F17-F84218DF50D8}"
EndProject
Global
	GlobalSection(SolutionConfigurationPlatforms) = preSolution
		Debug|x64 = Debug|x64
		Debug|x86 = Debug|x86
		Release|x64 = Release|x64
		Release|x86 = Release|x86
	EndGlobalSection
	GlobalSection(ProjectConfigurationPlatforms) = postSolution
		{C3556C3B-B5D7-44D8-9F17-F84218DF50D8}.Debug|x64.ActiveCfg = Debug|x64
		{C3556C3B-B5D7-44D8-9F17-F84218DF50D8}.Debug|x64.Build.0 = Debug|x64
		{C3556C3B-B5D7-44D8-9F17-F84218DF50D8}.Debug|x86.ActiveCfg = Debug|Win32
		{C3556C3B-B5D7-44D8-9F17-F84218DF50D8}.Debug|x86.Build.0 = Debug|Win32
		{C3556C3B-B5D7-44D8-9F17-F84218DF50D8}.Release|x64.ActiveCfg = Release|x64
		{C3556C3B-B5D7-44D8-9F17-F84218DF50D8}.Release|x64.Build.0 = Release|x64
		{C3556C3B-B5D7-44D8-9F17-F84218DF50D8}.Release|x86.ActiveCfg = Release|Win32
		{C3556C3B-B5D7-44D8-9F17-F84218DF50D8}.Release|x86.Build.0 = Release|Win32
	EndGlobalSection
	GlobalSection(SolutionProperties) = preSolution
		HideSolutionNode = FALSE
	EndGlobalSection
	GlobalSection(ExtensibilityGlobals) = postSolution
		SolutionGuid = {C576EFE8-B9E2-4328-9BD4-AC1C34FE1883}
	EndGlobalSection
EndGlobal
