
Microsoft Visual Studio Solution File, Format Version 12.00
# Visual Studio 15
VisualStudioVersion = 15.0.28307.329
MinimumVisualStudioVersion = 10.0.40219.1
Project("{8BC9CEB8-8B4A-11D0-8D11-00A0C91BC942}") = "My_TLS", "My_TLS\My_TLS.vcxproj", "{FD590E9A-E1B8-434F-BBC9-DF488166E5C0}"
EndProject
Global
	GlobalSection(SolutionConfigurationPlatforms) = preSolution
		Debug|x64 = Debug|x64
		Debug|x86 = Debug|x86
		Release|x64 = Release|x64
		Release|x86 = Release|x86
	EndGlobalSection
	GlobalSection(ProjectConfigurationPlatforms) = postSolution
		{FD590E9A-E1B8-434F-BBC9-DF488166E5C0}.Debug|x64.ActiveCfg = Debug|x64
		{FD590E9A-E1B8-434F-BBC9-DF488166E5C0}.Debug|x64.Build.0 = Debug|x64
		{FD590E9A-E1B8-434F-BBC9-DF488166E5C0}.Debug|x86.ActiveCfg = Debug|Win32
		{FD590E9A-E1B8-434F-BBC9-DF488166E5C0}.Debug|x86.Build.0 = Debug|Win32
		{FD590E9A-E1B8-434F-BBC9-DF488166E5C0}.Release|x64.ActiveCfg = Release|x64
		{FD590E9A-E1B8-434F-BBC9-DF488166E5C0}.Release|x64.Build.0 = Release|x64
		{FD590E9A-E1B8-434F-BBC9-DF488166E5C0}.Release|x86.ActiveCfg = Release|Win32
		{FD590E9A-E1B8-434F-BBC9-DF488166E5C0}.Release|x86.Build.0 = Release|Win32
	EndGlobalSection
	GlobalSection(SolutionProperties) = preSolution
		HideSolutionNode = FALSE
	EndGlobalSection
	GlobalSection(ExtensibilityGlobals) = postSolution
		SolutionGuid = {7CF832F9-768B-4C39-8258-309F0D4F274A}
	EndGlobalSection
EndGlobal
