
Microsoft Visual Studio Solution File, Format Version 12.00
# Visual Studio 15
VisualStudioVersion = 15.0.28307.329
MinimumVisualStudioVersion = 10.0.40219.1
Project("{8BC9CEB8-8B4A-11D0-8D11-00A0C91BC942}") = "NO_PUSH_TEST_UTF", "NO_PUSH_TEST_UTF\NO_PUSH_TEST_UTF.vcxproj", "{7DBA0B3B-C5D8-47E8-9C49-EBBFD10F668D}"
EndProject
Global
	GlobalSection(SolutionConfigurationPlatforms) = preSolution
		Debug|x64 = Debug|x64
		Debug|x86 = Debug|x86
		Release|x64 = Release|x64
		Release|x86 = Release|x86
	EndGlobalSection
	GlobalSection(ProjectConfigurationPlatforms) = postSolution
		{7DBA0B3B-C5D8-47E8-9C49-EBBFD10F668D}.Debug|x64.ActiveCfg = Debug|x64
		{7DBA0B3B-C5D8-47E8-9C49-EBBFD10F668D}.Debug|x64.Build.0 = Debug|x64
		{7DBA0B3B-C5D8-47E8-9C49-EBBFD10F668D}.Debug|x86.ActiveCfg = Debug|Win32
		{7DBA0B3B-C5D8-47E8-9C49-EBBFD10F668D}.Debug|x86.Build.0 = Debug|Win32
		{7DBA0B3B-C5D8-47E8-9C49-EBBFD10F668D}.Release|x64.ActiveCfg = Release|x64
		{7DBA0B3B-C5D8-47E8-9C49-EBBFD10F668D}.Release|x64.Build.0 = Release|x64
		{7DBA0B3B-C5D8-47E8-9C49-EBBFD10F668D}.Release|x86.ActiveCfg = Release|Win32
		{7DBA0B3B-C5D8-47E8-9C49-EBBFD10F668D}.Release|x86.Build.0 = Release|Win32
	EndGlobalSection
	GlobalSection(SolutionProperties) = preSolution
		HideSolutionNode = FALSE
	EndGlobalSection
	GlobalSection(ExtensibilityGlobals) = postSolution
		SolutionGuid = {58D08C80-45FE-46C9-84AE-A3DC5CDCED92}
	EndGlobalSection
EndGlobal
