
Microsoft Visual Studio Solution File, Format Version 12.00
# Visual Studio 15
VisualStudioVersion = 15.0.28307.329
MinimumVisualStudioVersion = 10.0.40219.1
Project("{8BC9CEB8-8B4A-11D0-8D11-00A0C91BC942}") = "Mutex_Syncchronization", "Mutex_Syncchronization\Mutex_Syncchronization.vcxproj", "{395A83DF-0AF2-4D41-9284-CA48D1F5D213}"
EndProject
Global
	GlobalSection(SolutionConfigurationPlatforms) = preSolution
		Debug|x64 = Debug|x64
		Debug|x86 = Debug|x86
		Release|x64 = Release|x64
		Release|x86 = Release|x86
	EndGlobalSection
	GlobalSection(ProjectConfigurationPlatforms) = postSolution
		{395A83DF-0AF2-4D41-9284-CA48D1F5D213}.Debug|x64.ActiveCfg = Debug|x64
		{395A83DF-0AF2-4D41-9284-CA48D1F5D213}.Debug|x64.Build.0 = Debug|x64
		{395A83DF-0AF2-4D41-9284-CA48D1F5D213}.Debug|x86.ActiveCfg = Debug|Win32
		{395A83DF-0AF2-4D41-9284-CA48D1F5D213}.Debug|x86.Build.0 = Debug|Win32
		{395A83DF-0AF2-4D41-9284-CA48D1F5D213}.Release|x64.ActiveCfg = Release|x64
		{395A83DF-0AF2-4D41-9284-CA48D1F5D213}.Release|x64.Build.0 = Release|x64
		{395A83DF-0AF2-4D41-9284-CA48D1F5D213}.Release|x86.ActiveCfg = Release|Win32
		{395A83DF-0AF2-4D41-9284-CA48D1F5D213}.Release|x86.Build.0 = Release|Win32
	EndGlobalSection
	GlobalSection(SolutionProperties) = preSolution
		HideSolutionNode = FALSE
	EndGlobalSection
	GlobalSection(ExtensibilityGlobals) = postSolution
		SolutionGuid = {C8D9DDBE-2CF0-4A72-809F-F5FFC4AF446B}
	EndGlobalSection
EndGlobal
