
Microsoft Visual Studio Solution File, Format Version 12.00
# Visual Studio 15
VisualStudioVersion = 15.0.28307.329
MinimumVisualStudioVersion = 10.0.40219.1
Project("{8BC9CEB8-8B4A-11D0-8D11-00A0C91BC942}") = "Memory_Guard_page", "Memory_Guard_page\Memory_Guard_page.vcxproj", "{1A04684A-E8B0-44E2-A7C8-670254E23E30}"
EndProject
Global
	GlobalSection(SolutionConfigurationPlatforms) = preSolution
		Debug|x64 = Debug|x64
		Debug|x86 = Debug|x86
		Release|x64 = Release|x64
		Release|x86 = Release|x86
	EndGlobalSection
	GlobalSection(ProjectConfigurationPlatforms) = postSolution
		{1A04684A-E8B0-44E2-A7C8-670254E23E30}.Debug|x64.ActiveCfg = Debug|x64
		{1A04684A-E8B0-44E2-A7C8-670254E23E30}.Debug|x64.Build.0 = Debug|x64
		{1A04684A-E8B0-44E2-A7C8-670254E23E30}.Debug|x86.ActiveCfg = Debug|Win32
		{1A04684A-E8B0-44E2-A7C8-670254E23E30}.Debug|x86.Build.0 = Debug|Win32
		{1A04684A-E8B0-44E2-A7C8-670254E23E30}.Release|x64.ActiveCfg = Release|x64
		{1A04684A-E8B0-44E2-A7C8-670254E23E30}.Release|x64.Build.0 = Release|x64
		{1A04684A-E8B0-44E2-A7C8-670254E23E30}.Release|x86.ActiveCfg = Release|Win32
		{1A04684A-E8B0-44E2-A7C8-670254E23E30}.Release|x86.Build.0 = Release|Win32
	EndGlobalSection
	GlobalSection(SolutionProperties) = preSolution
		HideSolutionNode = FALSE
	EndGlobalSection
	GlobalSection(ExtensibilityGlobals) = postSolution
		SolutionGuid = {3E6DBEEC-2679-41C8-86C7-BF85BB07FDA6}
	EndGlobalSection
EndGlobal
