
Microsoft Visual Studio Solution File, Format Version 12.00
# Visual Studio 15
VisualStudioVersion = 15.0.28307.329
MinimumVisualStudioVersion = 10.0.40219.1
Project("{8BC9CEB8-8B4A-11D0-8D11-00A0C91BC942}") = "Copy_Test", "Copy_Test\Copy_Test.vcxproj", "{132890A2-D887-40C8-89AC-F0BFBDE438B1}"
EndProject
Global
	GlobalSection(SolutionConfigurationPlatforms) = preSolution
		Debug|x64 = Debug|x64
		Debug|x86 = Debug|x86
		Release|x64 = Release|x64
		Release|x86 = Release|x86
	EndGlobalSection
	GlobalSection(ProjectConfigurationPlatforms) = postSolution
		{132890A2-D887-40C8-89AC-F0BFBDE438B1}.Debug|x64.ActiveCfg = Debug|x64
		{132890A2-D887-40C8-89AC-F0BFBDE438B1}.Debug|x64.Build.0 = Debug|x64
		{132890A2-D887-40C8-89AC-F0BFBDE438B1}.Debug|x86.ActiveCfg = Debug|Win32
		{132890A2-D887-40C8-89AC-F0BFBDE438B1}.Debug|x86.Build.0 = Debug|Win32
		{132890A2-D887-40C8-89AC-F0BFBDE438B1}.Release|x64.ActiveCfg = Release|x64
		{132890A2-D887-40C8-89AC-F0BFBDE438B1}.Release|x64.Build.0 = Release|x64
		{132890A2-D887-40C8-89AC-F0BFBDE438B1}.Release|x86.ActiveCfg = Release|Win32
		{132890A2-D887-40C8-89AC-F0BFBDE438B1}.Release|x86.Build.0 = Release|Win32
	EndGlobalSection
	GlobalSection(SolutionProperties) = preSolution
		HideSolutionNode = FALSE
	EndGlobalSection
	GlobalSection(ExtensibilityGlobals) = postSolution
		SolutionGuid = {F98CAE70-438C-4E52-AD6C-B66634A7E705}
	EndGlobalSection
EndGlobal
